
Microsoft Visual Studio Solution File, Format Version 12.00
# Visual Studio 15
Project("{FAE04EC0-301F-11D3-BF4B-00C04F79EFBC}") = "Assembly-CSharp", "Assembly-CSharp.csproj", "{9D3AC938-44E9-33CE-5171-AB40BF69C807}"
EndProject
Project("{FAE04EC0-301F-11D3-BF4B-00C04F79EFBC}") = "Assembly-CSharp-Editor", "Assembly-CSharp-Editor.csproj", "{D4475EEA-7BDA-6CFF-6DA6-7BB8D8F7DCD7}"
EndProject
Global
	GlobalSection(SolutionConfigurationPlatforms) = preSolution
		Debug|Any CPU = Debug|Any CPU
		Release|Any CPU = Release|Any CPU
	EndGlobalSection
	GlobalSection(ProjectConfigurationPlatforms) = postSolution
		{9D3AC938-44E9-33CE-5171-AB40BF69C807}.Debug|Any CPU.ActiveCfg = Debug|Any CPU
		{9D3AC938-44E9-33CE-5171-AB40BF69C807}.Debug|Any CPU.Build.0 = Debug|Any CPU
		{9D3AC938-44E9-33CE-5171-AB40BF69C807}.Release|Any CPU.ActiveCfg = Release|Any CPU
		{9D3AC938-44E9-33CE-5171-AB40BF69C807}.Release|Any CPU.Build.0 = Release|Any CPU
		{D4475EEA-7BDA-6CFF-6DA6-7BB8D8F7DCD7}.Debug|Any CPU.ActiveCfg = Debug|Any CPU
		{D4475EEA-7BDA-6CFF-6DA6-7BB8D8F7DCD7}.Debug|Any CPU.Build.0 = Debug|Any CPU
		{D4475EEA-7BDA-6CFF-6DA6-7BB8D8F7DCD7}.Release|Any CPU.ActiveCfg = Release|Any CPU
		{D4475EEA-7BDA-6CFF-6DA6-7BB8D8F7DCD7}.Release|Any CPU.Build.0 = Release|Any CPU
	EndGlobalSection
	GlobalSection(SolutionProperties) = preSolution
		HideSolutionNode = FALSE
	EndGlobalSection
EndGlobal
